
Microsoft Visual Studio Solution File, Format Version 12.00
# Visual Studio 14
VisualStudioVersion = 14.0.25420.1
MinimumVisualStudioVersion = 10.0.40219.1
Project("{FAE04EC0-301F-11D3-BF4B-00C04F79EFBC}") = "RentMyWrox", "RentMyWrox\RentMyWrox.csproj", "{498B86F1-465B-44A6-AE79-1F27A6E16402}"
EndProject
Global
	GlobalSection(SolutionConfigurationPlatforms) = preSolution
		Debug|Any CPU = Debug|Any CPU
		Release|Any CPU = Release|Any CPU
	EndGlobalSection
	GlobalSection(ProjectConfigurationPlatforms) = postSolution
		{498B86F1-465B-44A6-AE79-1F27A6E16402}.Debug|Any CPU.ActiveCfg = Debug|Any CPU
		{498B86F1-465B-44A6-AE79-1F27A6E16402}.Debug|Any CPU.Build.0 = Debug|Any CPU
		{498B86F1-465B-44A6-AE79-1F27A6E16402}.Release|Any CPU.ActiveCfg = Release|Any CPU
		{498B86F1-465B-44A6-AE79-1F27A6E16402}.Release|Any CPU.Build.0 = Release|Any CPU
	EndGlobalSection
	GlobalSection(SolutionProperties) = preSolution
		HideSolutionNode = FALSE
	EndGlobalSection
EndGlobal
